<?xml version="1.0" encoding="utf-8"?>
<Project ToolsVersion="4.0" xmlns="http://schemas.microsoft.com/developer/msbuild/2003">
  <ItemGroup>
    <Filter Include="Source Files">
      <UniqueIdentifier>{4FC737F1-C7A5-4376-A066-2A32D752A2FF}</UniqueIdentifier>
      <Extensions>cpp;c;cc;cxx;def;odl;idl;hpj;bat;asm;asmx</Extensions>
    </Filter>
    <Filter Include="Header Files">
      <UniqueIdentifier>{93995380-89BD-4b04-88EB-625FBE52EBFB}</UniqueIdentifier>
      <Extensions>h;hpp;hxx;hm;inl;inc;xsd</Extensions>
    </Filter>
    <Filter Include="Resource Files">
      <UniqueIdentifier>{67DA6AB6-F800-4c08-8B7A-83BB121AAD01}</UniqueIdentifier>
      <Extensions>rc;ico;cur;bmp;dlg;rc2;rct;bin;rgs;gif;jpg;jpeg;jpe;resx;tiff;tif;png;wav;mfcribbon-ms</Extensions>
    </Filter>
    <Filter Include="Source Files\dlls">
      <UniqueIdentifier>{a59f65b1-455f-459d-bc2a-75775255cd5c}</UniqueIdentifier>
    </Filter>
    <Filter Include="Source Files\dlls\core">
      <UniqueIdentifier>{12345678-1234-1234-1234-123456789abc}</UniqueIdentifier>
    </Filter>
    <Filter Include="Source Files\dlls\systems">
      <UniqueIdentifier>{264c9d96-bfa6-407b-8919-75ec443db459}</UniqueIdentifier>
    </Filter>
    <Filter Include="Source Files\dlls\wpn_shared">
      <UniqueIdentifier>{000b311c-d555-467e-b6cb-5e669fb8c45e}</UniqueIdentifier>
    </Filter>
    <Filter Include="Source Files\pm_shared">
      <UniqueIdentifier>{7f184267-1d16-4bbc-9212-a804fcd04e6a}</UniqueIdentifier>
    </Filter>
    <Filter Include="Source Files\game_shared">
      <UniqueIdentifier>{9cd951c6-53c4-4c79-826f-13ac1af8a8b6}</UniqueIdentifier>
    </Filter>
    <Filter Include="Header Files\dlls">
      <UniqueIdentifier>{e3b69fef-bfa6-4270-8280-f2b25793ac4e}</UniqueIdentifier>
    </Filter>
    <Filter Include="Header Files\engine">
      <UniqueIdentifier>{b85e935a-5cc8-482d-b85f-6cdaa3452ccb}</UniqueIdentifier>
    </Filter>
    <Filter Include="Header Files\pm_shared">
      <UniqueIdentifier>{37941113-16fa-4ce0-9bdd-a72a1ced8902}</UniqueIdentifier>
    </Filter>
    <Filter Include="Source Files\dlls\systems">
      <UniqueIdentifier>{6f858c21-12c8-4770-bdc9-2785d0d86e10}</UniqueIdentifier>
    </Filter>
    <Filter Include="Header Files\dlls\systems">
      <UniqueIdentifier>{7f858c21-12c8-4770-bdc9-2785d0d86e11}</UniqueIdentifier>
    </Filter>
    <Filter Include="Source Files\dlls\world">
      <UniqueIdentifier>{8f858c21-12c8-4770-bdc9-2785d0d86e12}</UniqueIdentifier>
    </Filter>
    <Filter Include="Header Files\dlls\world">
      <UniqueIdentifier>{9f858c21-12c8-4770-bdc9-2785d0d86e13}</UniqueIdentifier>
    </Filter>
  </ItemGroup>
  <ItemGroup>
    <ClCompile Include="..\..\dlls\monsters\aflock.cpp">
      <Filter>Source Files\dlls</Filter>
    </ClCompile>
    <ClCompile Include="..\..\dlls\monsters\agrunt.cpp">
      <Filter>Source Files\dlls</Filter>
    </ClCompile>
    <ClCompile Include="..\..\dlls\systems\airtank.cpp">
      <Filter>Source Files\dlls\systems</Filter>
    </ClCompile>
    <ClCompile Include="..\..\dlls\core\animating.cpp">
      <Filter>Source Files\dlls\core</Filter>
    </ClCompile>
    <ClCompile Include="..\..\dlls\core\animation.cpp">
      <Filter>Source Files\dlls\core</Filter>
    </ClCompile>
    <ClCompile Include="..\..\dlls\monsters\apache.cpp">
      <Filter>Source Files\dlls</Filter>
    </ClCompile>
    <ClCompile Include="..\..\dlls\monsters\barnacle.cpp">
      <Filter>Source Files\dlls</Filter>
    </ClCompile>
    <ClCompile Include="..\..\dlls\monsters\barney.cpp">
      <Filter>Source Files\dlls</Filter>
    </ClCompile>
    <ClCompile Include="..\..\dlls\monsters\bigmomma.cpp">
      <Filter>Source Files\dlls</Filter>
    </ClCompile>
    <ClCompile Include="..\..\dlls\monsters\bloater.cpp">
      <Filter>Source Files\dlls</Filter>
    </ClCompile>
    <ClCompile Include="..\..\dlls\world\bmodels.cpp">
      <Filter>Source Files\dlls\world</Filter>
    </ClCompile>
    <ClCompile Include="..\..\dlls\monsters\bullsquid.cpp">
      <Filter>Source Files\dlls</Filter>
    </ClCompile>
    <ClCompile Include="..\..\dlls\systems\buttons.cpp">
      <Filter>Source Files\dlls\systems</Filter>
    </ClCompile>
    <ClCompile Include="..\..\dlls\core\cbase.cpp">
      <Filter>Source Files\dlls</Filter>
    </ClCompile>
    <ClCompile Include="..\..\dlls\core\client.cpp">
      <Filter>Source Files\dlls</Filter>
    </ClCompile>
    <ClCompile Include="..\..\dlls\core\combat.cpp">
      <Filter>Source Files\dlls</Filter>
    </ClCompile>
    <ClCompile Include="..\..\dlls\monsters\controller.cpp">
      <Filter>Source Files\dlls</Filter>
    </ClCompile>
    <ClCompile Include="..\..\dlls\weapons\crossbow.cpp">
      <Filter>Source Files\dlls\weapons</Filter>
    </ClCompile>
    <ClCompile Include="..\..\dlls\weapons\weapon_crowbar.cpp">
      <Filter>Source Files\dlls</Filter>
    </ClCompile>
    <ClCompile Include="..\..\dlls\ai\defaultai.cpp">
      <Filter>Source Files\dlls</Filter>
    </ClCompile>
    <ClCompile Include="..\..\dlls\monsters\gman.cpp">
      <Filter>Source Files\dlls</Filter>
    </ClCompile>
    <ClCompile Include="..\..\dlls\systems\doors.cpp">
      <Filter>Source Files\dlls\systems</Filter>
    </ClCompile>
    <ClCompile Include="..\..\dlls\systems\effects.cpp">
      <Filter>Source Files\dlls\systems</Filter>
    </ClCompile>
    <ClCompile Include="..\..\dlls\weapons\weapon_egon.cpp">
      <Filter>Source Files\dlls</Filter>
    </ClCompile>
    <ClCompile Include="..\..\dlls\systems\explode.cpp">
      <Filter>Source Files\dlls\systems</Filter>
    </ClCompile>
    <ClCompile Include="..\..\dlls\ai\flyingmonster.cpp">
      <Filter>Source Files\dlls\ai</Filter>
    </ClCompile>
    <ClCompile Include="..\..\dlls\systems\func_break.cpp">
      <Filter>Source Files\dlls\systems</Filter>
    </ClCompile>
    <ClCompile Include="..\..\dlls\systems\func_tank.cpp">
      <Filter>Source Files\dlls\systems</Filter>
    </ClCompile>
    <ClCompile Include="..\..\dlls\systems\func_tankgun.cpp">
      <Filter>Source Files\dlls\systems</Filter>
    </ClCompile>
    <ClCompile Include="..\..\dlls\systems\func_tanklaser.cpp">
      <Filter>Source Files\dlls\systems</Filter>
    </ClCompile>
    <ClCompile Include="..\..\dlls\systems\func_tankmortar.cpp">
      <Filter>Source Files\dlls\systems</Filter>
    </ClCompile>
    <ClCompile Include="..\..\dlls\systems\func_tankrocket.cpp">
      <Filter>Source Files\dlls\systems</Filter>
    </ClCompile>
    <ClCompile Include="..\..\dlls\core\game.cpp">
      <Filter>Source Files\dlls</Filter>
    </ClCompile>
    <ClCompile Include="..\..\dlls\gameplay\gamerules.cpp">
      <Filter>Source Files\dlls</Filter>
    </ClCompile>
    <ClCompile Include="..\..\dlls\monsters\gargantua.cpp">
      <Filter>Source Files\dlls</Filter>
    </ClCompile>
    <ClCompile Include="..\..\dlls\weapons\weapon_gauss.cpp">
      <Filter>Source Files\dlls</Filter>
    </ClCompile>
    <ClCompile Include="..\..\dlls\monsters\genericmonster.cpp">
      <Filter>Source Files\dlls</Filter>
    </ClCompile>
    <ClCompile Include="..\..\dlls\weapons\projectile_grenade.cpp">
      <Filter>Source Files\dlls\weapons</Filter>
    </ClCompile>
    <ClCompile Include="..\..\dlls\core\globals.cpp">
      <Filter>Source Files\dlls</Filter>
    </ClCompile>
    <ClCompile Include="..\..\dlls\ai\h_ai.cpp">
      <Filter>Source Files\dlls</Filter>
    </ClCompile>
    <ClCompile Include="..\..\dlls\systems\h_battery.cpp">
      <Filter>Source Files\dlls\systems</Filter>
    </ClCompile>
    <ClCompile Include="..\..\dlls\gameplay\h_cine.cpp">
      <Filter>Source Files\dlls</Filter>
    </ClCompile>
    <ClCompile Include="..\..\dlls\systems\h_cycler.cpp">
      <Filter>Source Files\dlls\systems</Filter>
    </ClCompile>
    <ClCompile Include="..\..\dlls\core\h_export.cpp">
      <Filter>Source Files\dlls\core</Filter>
    </ClCompile>
    <ClCompile Include="..\..\dlls\weapons\weapon_handgrenade.cpp">
      <Filter>Source Files\dlls</Filter>
    </ClCompile>
    <ClCompile Include="..\..\dlls\monsters\hassassin.cpp">
      <Filter>Source Files\dlls</Filter>
    </ClCompile>
    <ClCompile Include="..\..\dlls\monsters\headcrab.cpp">
      <Filter>Source Files\dlls</Filter>
    </ClCompile>
    <ClCompile Include="..\..\dlls\systems\healthkit.cpp">
      <Filter>Source Files\dlls\systems</Filter>
    </ClCompile>
    <ClCompile Include="..\..\dlls\monsters\hgrunt.cpp">
      <Filter>Source Files\dlls</Filter>
    </ClCompile>
    <ClCompile Include="..\..\dlls\weapons\weapon_glock.cpp">
      <Filter>Source Files\dlls\weapons</Filter>
    </ClCompile>
    <ClCompile Include="..\..\dlls\ai\monstermaker.cpp">
      <Filter>Source Files\dlls</Filter>
    </ClCompile>
    <ClCompile Include="..\..\dlls\weapons\projectile_hornet.cpp">
      <Filter>Source Files\dlls</Filter>
    </ClCompile>
    <ClCompile Include="..\..\dlls\weapons\weapon_hornetgun.cpp">
      <Filter>Source Files\dlls</Filter>
    </ClCompile>
    <ClCompile Include="..\..\dlls\monsters\houndeye.cpp">
      <Filter>Source Files\dlls</Filter>
    </ClCompile>
    <ClCompile Include="..\..\dlls\monsters\ichthyosaur.cpp">
      <Filter>Source Files\dlls</Filter>
    </ClCompile>
    <ClCompile Include="..\..\dlls\monsters\islave.cpp">
      <Filter>Source Files\dlls</Filter>
    </ClCompile>
    <ClCompile Include="..\..\dlls\items\item_base.cpp">
      <Filter>Source Files\dlls</Filter>
    </ClCompile>
    <ClCompile Include="..\..\dlls\items\item_battery.cpp">
      <Filter>Source Files\dlls</Filter>
    </ClCompile>
    <ClCompile Include="..\..\dlls\items\item_suit.cpp">
      <Filter>Source Files\dlls</Filter>
    </ClCompile>
    <ClCompile Include="..\..\dlls\items\item_antidote.cpp">
      <Filter>Source Files\dlls</Filter>
    </ClCompile>
    <ClCompile Include="..\..\dlls\items\item_security.cpp">
      <Filter>Source Files\dlls</Filter>
    </ClCompile>
    <ClCompile Include="..\..\dlls\items\item_longjump.cpp">
      <Filter>Source Files\dlls</Filter>
    </ClCompile>
    <ClCompile Include="..\..\dlls\monsters\leech.cpp">
      <Filter>Source Files\dlls</Filter>
    </ClCompile>
    <ClCompile Include="..\..\dlls\systems\lights.cpp">
      <Filter>Source Files\dlls\systems</Filter>
    </ClCompile>
    <ClCompile Include="..\..\dlls\gameplay\maprules.cpp">
      <Filter>Source Files\dlls</Filter>
    </ClCompile>
    <ClCompile Include="..\..\dlls\gameplay\game_score.cpp">
      <Filter>Source Files\dlls</Filter>
    </ClCompile>
    <ClCompile Include="..\..\dlls\gameplay\game_end.cpp">
      <Filter>Source Files\dlls</Filter>
    </ClCompile>
    <ClCompile Include="..\..\dlls\gameplay\game_text.cpp">
      <Filter>Source Files\dlls</Filter>
    </ClCompile>
    <ClCompile Include="..\..\dlls\gameplay\game_team_master.cpp">
      <Filter>Source Files\dlls</Filter>
    </ClCompile>
    <ClCompile Include="..\..\dlls\gameplay\game_team_set.cpp">
      <Filter>Source Files\dlls</Filter>
    </ClCompile>
    <ClCompile Include="..\..\dlls\gameplay\game_player_zone.cpp">
      <Filter>Source Files\dlls</Filter>
    </ClCompile>
    <ClCompile Include="..\..\dlls\gameplay\game_player_hurt.cpp">
      <Filter>Source Files\dlls</Filter>
    </ClCompile>
    <ClCompile Include="..\..\dlls\gameplay\game_counter.cpp">
      <Filter>Source Files\dlls</Filter>
    </ClCompile>
    <ClCompile Include="..\..\dlls\gameplay\game_counter_set.cpp">
      <Filter>Source Files\dlls</Filter>
    </ClCompile>
    <ClCompile Include="..\..\dlls\gameplay\game_player_equip.cpp">
      <Filter>Source Files\dlls</Filter>
    </ClCompile>
    <ClCompile Include="..\..\dlls\gameplay\game_player_team.cpp">
      <Filter>Source Files\dlls</Filter>
    </ClCompile>
    <ClCompile Include="..\..\dlls\core\player.cpp">
      <Filter>Source Files\dlls</Filter>
    </ClCompile>
    <ClCompile Include="..\..\dlls\ai\monsters.cpp">
      <Filter>Source Files\dlls</Filter>
    </ClCompile>
    <ClCompile Include="..\..\dlls\ai\monster_combat.cpp">
      <Filter>Source Files\dlls\ai</Filter>
    </ClCompile>
    <ClCompile Include="..\..\dlls\ai\monster_scheduler.cpp">
      <Filter>Source Files\dlls\ai</Filter>
    </ClCompile>
    <ClCompile Include="..\..\dlls\ai\monster_sensors.cpp">
      <Filter>Source Files\dlls\ai</Filter>
    </ClCompile>
    <ClCompile Include="..\..\dlls\ai\monsterstate.cpp">
      <Filter>Source Files\dlls</Filter>
    </ClCompile>
    <ClCompile Include="..\..\dlls\systems\mortar.cpp">
      <Filter>Source Files\dlls\systems</Filter>
    </ClCompile>
    <ClCompile Include="..\..\dlls\weapons\weapon_mp5.cpp">
      <Filter>Source Files\dlls</Filter>
    </ClCompile>
    <ClCompile Include="..\..\dlls\gameplay\multiplay_gamerules.cpp">
      <Filter>Source Files\dlls</Filter>
    </ClCompile>
    <ClCompile Include="..\..\dlls\monsters\nihilanth.cpp">
      <Filter>Source Files\dlls</Filter>
    </ClCompile>
    <ClCompile Include="..\..\dlls\ai\nodes.cpp">
      <Filter>Source Files\dlls</Filter>
    </ClCompile>
    <ClCompile Include="..\..\dlls\gameplay\observer.cpp">
      <Filter>Source Files\dlls</Filter>
    </ClCompile>
    <ClCompile Include="..\..\dlls\monsters\osprey.cpp">
      <Filter>Source Files\dlls</Filter>
    </ClCompile>
    <ClCompile Include="..\..\dlls\ai\pathcorner.cpp">
      <Filter>Source Files\dlls</Filter>
    </ClCompile>
    <ClCompile Include="..\..\dlls\ai\playermonster.cpp">
      <Filter>Source Files\dlls</Filter>
    </ClCompile>
    <ClCompile Include="..\..\dlls\core\plane.cpp">
      <Filter>Source Files\dlls\core</Filter>
    </ClCompile>
    <ClCompile Include="..\..\dlls\world\plats.cpp">
      <Filter>Source Files\dlls\world</Filter>
    </ClCompile>
    <ClCompile Include="..\..\pm_shared\pm_shared.c">
      <Filter>Source Files\pm_shared</Filter>
    </ClCompile>
    <ClCompile Include="..\..\pm_shared\pm_debug.c">
      <Filter>Source Files\pm_shared</Filter>
    </ClCompile>
    <ClCompile Include="..\..\pm_shared\pm_math.c">
      <Filter>Source Files\pm_shared</Filter>
    </ClCompile>
    <ClCompile Include="..\..\dlls\weapons\weapon_python.cpp">
      <Filter>Source Files\dlls</Filter>
    </ClCompile>
    <ClCompile Include="..\..\dlls\monsters\rat.cpp">
      <Filter>Source Files\dlls</Filter>
    </ClCompile>
    <ClCompile Include="..\..\dlls\monsters\roach.cpp">
      <Filter>Source Files\dlls</Filter>
    </ClCompile>
    <ClCompile Include="..\..\dlls\weapons\weapon_rpg.cpp">
      <Filter>Source Files\dlls</Filter>
    </ClCompile>
    <ClCompile Include="..\..\dlls\weapons\weapon_satchel.cpp">
      <Filter>Source Files\dlls</Filter>
    </ClCompile>
    <ClCompile Include="..\..\dlls\ai\schedule.cpp">
      <Filter>Source Files\dlls</Filter>
    </ClCompile>
    <ClCompile Include="..\..\dlls\monsters\scientist.cpp">
      <Filter>Source Files\dlls</Filter>
    </ClCompile>
    <ClCompile Include="..\..\dlls\gameplay\scripted.cpp">
      <Filter>Source Files\dlls</Filter>
    </ClCompile>
    <ClCompile Include="..\..\dlls\weapons\weapon_shotgun.cpp">
      <Filter>Source Files\dlls</Filter>
    </ClCompile>
    <ClCompile Include="..\..\dlls\gameplay\singleplay_gamerules.cpp">
      <Filter>Source Files\dlls</Filter>
    </ClCompile>
    <ClCompile Include="..\..\dlls\gameplay\stats.cpp">
      <Filter>Source Files\dlls</Filter>
    </ClCompile>
    <ClCompile Include="..\..\dlls\core\skill.cpp">
      <Filter>Source Files\dlls</Filter>
    </ClCompile>
    <ClCompile Include="..\..\dlls\systems\sound.cpp">
      <Filter>Source Files\dlls\systems</Filter>
    </ClCompile>
    <ClCompile Include="..\..\dlls\ai\soundent.cpp">
      <Filter>Source Files\dlls</Filter>
    </ClCompile>
    <ClCompile Include="..\..\dlls\gameplay\spectator.cpp">
      <Filter>Source Files\dlls</Filter>
    </ClCompile>
    <ClCompile Include="..\..\dlls\ai\squadmonster.cpp">
      <Filter>Source Files\dlls</Filter>
    </ClCompile>
    <ClCompile Include="..\..\dlls\weapons\weapon_snark.cpp">
      <Filter>Source Files\dlls</Filter>
    </ClCompile>
    <ClCompile Include="..\..\dlls\core\subs.cpp">
      <Filter>Source Files\dlls</Filter>
    </ClCompile>
    <ClCompile Include="..\..\dlls\ai\talkmonster.cpp">
      <Filter>Source Files\dlls\ai</Filter>
    </ClCompile>
    <ClCompile Include="..\..\dlls\gameplay\teamplay_gamerules.cpp">
      <Filter>Source Files\dlls</Filter>
    </ClCompile>
    <ClCompile Include="..\..\dlls\ai\tempmonster.cpp">
      <Filter>Source Files\dlls</Filter>
    </ClCompile>
    <ClCompile Include="..\..\dlls\monsters\tentacle.cpp">
      <Filter>Source Files\dlls</Filter>
    </ClCompile>
    <ClCompile Include="..\..\dlls\systems\trigger_auto.cpp">
      <Filter>Source Files</Filter>
    </ClCompile>
    <ClCompile Include="..\..\dlls\systems\trigger_base.cpp">
      <Filter>Source Files</Filter>
    </ClCompile>
    <ClCompile Include="..\..\dlls\systems\trigger_camera.cpp">
      <Filter>Source Files</Filter>
    </ClCompile>
    <ClCompile Include="..\..\dlls\systems\trigger_cdaudio.cpp">
      <Filter>Source Files</Filter>
    </ClCompile>
    <ClCompile Include="..\..\dlls\systems\trigger_changelevel.cpp">
      <Filter>Source Files</Filter>
    </ClCompile>
    <ClCompile Include="..\..\dlls\systems\trigger_changetarget.cpp">
      <Filter>Source Files</Filter>
    </ClCompile>
    <ClCompile Include="..\..\dlls\systems\trigger_counter.cpp">
      <Filter>Source Files</Filter>
    </ClCompile>
    <ClCompile Include="..\..\dlls\systems\trigger_endsection.cpp">
      <Filter>Source Files</Filter>
    </ClCompile>
    <ClCompile Include="..\..\dlls\systems\trigger_fireanddie.cpp">
      <Filter>Source Files</Filter>
    </ClCompile>
    <ClCompile Include="..\..\dlls\systems\trigger_friction.cpp">
      <Filter>Source Files</Filter>
    </ClCompile>
    <ClCompile Include="..\..\dlls\systems\trigger_gravity.cpp">
      <Filter>Source Files</Filter>
    </ClCompile>
    <ClCompile Include="..\..\dlls\systems\trigger_hurt.cpp">
      <Filter>Source Files</Filter>
    </ClCompile>
    <ClCompile Include="..\..\dlls\systems\trigger_ladder.cpp">
      <Filter>Source Files</Filter>
    </ClCompile>
    <ClCompile Include="..\..\dlls\systems\trigger_monsterjump.cpp">
      <Filter>Source Files</Filter>
    </ClCompile>
    <ClCompile Include="..\..\dlls\systems\trigger_multi_manager.cpp">
      <Filter>Source Files</Filter>
    </ClCompile>
    <ClCompile Include="..\..\dlls\systems\trigger_multiple.cpp">
      <Filter>Source Files</Filter>
    </ClCompile>
    <ClCompile Include="..\..\dlls\systems\trigger_once.cpp">
      <Filter>Source Files</Filter>
    </ClCompile>
    <ClCompile Include="..\..\dlls\systems\trigger_push.cpp">
      <Filter>Source Files</Filter>
    </ClCompile>
    <ClCompile Include="..\..\dlls\systems\trigger_relay.cpp">
      <Filter>Source Files</Filter>
    </ClCompile>
    <ClCompile Include="..\..\dlls\systems\trigger_render_fx.cpp">
      <Filter>Source Files</Filter>
    </ClCompile>
    <ClCompile Include="..\..\dlls\systems\trigger_save.cpp">
      <Filter>Source Files</Filter>
    </ClCompile>
    <ClCompile Include="..\..\dlls\systems\trigger_target_cdaudio.cpp">
      <Filter>Source Files</Filter>
    </ClCompile>
    <ClCompile Include="..\..\dlls\systems\trigger_teleport.cpp">
      <Filter>Source Files</Filter>
    </ClCompile>
    <ClCompile Include="..\..\dlls\systems\trigger_volume.cpp">
      <Filter>Source Files</Filter>
    </ClCompile>
    <ClCompile Include="..\..\dlls\weapons\weapon_tripmine.cpp">
      <Filter>Source Files\dlls\weapons</Filter>
    </ClCompile>
    <ClCompile Include="..\..\dlls\systems\miniturret.cpp">
      <Filter>Source Files\dlls\systems</Filter>
    </ClCompile>
    <ClCompile Include="..\..\dlls\systems\sentry.cpp">
      <Filter>Source Files\dlls\systems</Filter>
    </ClCompile>
    <ClCompile Include="..\..\dlls\systems\turret.cpp">
      <Filter>Source Files\dlls\systems</Filter>
    </ClCompile>
    <ClCompile Include="..\..\dlls\systems\turret_base.cpp">
      <Filter>Source Files\dlls\systems</Filter>
    </ClCompile>
    <ClCompile Include="..\..\dlls\core\util.cpp">
      <Filter>Source Files\dlls</Filter>
    </ClCompile>
    <ClCompile Include="..\..\dlls\core\util_entity.cpp">
      <Filter>Source Files\dlls</Filter>
    </ClCompile>
    <ClCompile Include="..\..\game_shared\voice_gamemgr.cpp">
      <Filter>Source Files\game_shared</Filter>
    </ClCompile>
    <ClCompile Include="..\..\dlls\monsters\zombie.cpp">
      <Filter>Source Files\dlls</Filter>
    </ClCompile>
    <ClCompile Include="..\..\dlls\weapons\weapons.cpp">
      <Filter>Source Files\dlls\weapons</Filter>
    </ClCompile>
    <ClCompile Include="..\..\dlls\weapons\weapon_base.cpp">
      <Filter>Source Files\dlls</Filter>
    </ClCompile>
    <ClCompile Include="..\..\dlls\world\world.cpp">
      <Filter>Source Files\dlls\world</Filter>
    </ClCompile>
    <ClCompile Include="..\..\dlls\world\xen.cpp">
      <Filter>Source Files\dlls\world</Filter>
    </ClCompile>
  </ItemGroup>
  <ItemGroup>
    <ClInclude Include="..\..\dlls\systems\doors.h">
      <Filter>Header Files\dlls\systems</Filter>
    </ClInclude>
    <ClInclude Include="..\..\dlls\ai\activity.h">
      <Filter>Header Files\dlls</Filter>
    </ClInclude>
    <ClInclude Include="..\..\dlls\ai\activitymap.h">
      <Filter>Header Files\dlls</Filter>
    </ClInclude>
    <ClInclude Include="..\..\dlls\core\animation.h">
      <Filter>Header Files\dlls\core</Filter>
    </ClInclude>
    <ClInclude Include="..\..\dlls\ai\basemonster.h">
      <Filter>Header Files\dlls</Filter>
    </ClInclude>
    <ClInclude Include="..\..\dlls\core\cbase.h">
      <Filter>Header Files\dlls</Filter>
    </ClInclude>
    <ClInclude Include="..\..\dlls\core\cdll_dll.h">
      <Filter>Header Files\dlls</Filter>
    </ClInclude>
    <ClInclude Include="..\..\dlls\core\client.h">
      <Filter>Header Files\dlls</Filter>
    </ClInclude>
    <ClInclude Include="..\..\dlls\core\decals.h">
      <Filter>Header Files\dlls\core</Filter>
    </ClInclude>
    <ClInclude Include="..\..\dlls\defaultai.h">
      <Filter>Header Files\dlls</Filter>
    </ClInclude>
    <ClInclude Include="..\..\dlls\systems\effects.h">
      <Filter>Header Files\dlls\systems</Filter>
    </ClInclude>
    <ClInclude Include="..\..\engine\eiface.h">
      <Filter>Header Files\engine</Filter>
    </ClInclude>
    <ClInclude Include="..\..\dlls\weapons\projectile_hornet.h">
      <Filter>Header Files\dlls</Filter>
    </ClInclude>
    <ClInclude Include="..\..\dlls\weapons\weapon_hornetgun.h">
      <Filter>Header Files\dlls</Filter>
    </ClInclude>
    <ClInclude Include="..\..\dlls\core\enginecallback.h">
      <Filter>Header Files\dlls</Filter>
    </ClInclude>
    <ClInclude Include="..\..\dlls\systems\explode.h">
      <Filter>Header Files\dlls\systems</Filter>
    </ClInclude>
    <ClInclude Include="..\..\dlls\core\extdll.h">
      <Filter>Header Files\dlls</Filter>
    </ClInclude>
    <ClInclude Include="..\..\dlls\ai\flyingmonster.h">
      <Filter>Header Files\dlls\ai</Filter>
    </ClInclude>
    <ClInclude Include="..\..\dlls\systems\func_break.h">
      <Filter>Header Files\dlls\systems</Filter>
    </ClInclude>
    <ClInclude Include="..\..\dlls\gameplay\gamerules.h">
      <Filter>Header Files\dlls</Filter>
    </ClInclude>
    <ClInclude Include="..\..\dlls\core\player.h">
      <Filter>Header Files\dlls</Filter>
    </ClInclude>
    <ClInclude Include="..\..\dlls\items\item_base.h">
      <Filter>Header Files\dlls</Filter>
    </ClInclude>
    <ClInclude Include="..\..\dlls\ai\monsterevent.h">
      <Filter>Header Files\dlls</Filter>
    </ClInclude>
    <ClInclude Include="..\..\dlls\ai\monster_combat.h">
      <Filter>Header Files\dlls\ai</Filter>
    </ClInclude>
    <ClInclude Include="..\..\dlls\ai\monster_scheduler.h">
      <Filter>Header Files\dlls\ai</Filter>
    </ClInclude>
    <ClInclude Include="..\..\dlls\ai\monster_sensors.h">
      <Filter>Header Files\dlls\ai</Filter>
    </ClInclude>
    <ClInclude Include="..\..\dlls\ai\squad.h">
      <Filter>Header Files\dlls</Filter>
    </ClInclude>
    <ClInclude Include="..\..\dlls\monsters.h">
      <Filter>Header Files\dlls</Filter>
    </ClInclude>
    <ClInclude Include="..\..\dlls\nodes.h">
      <Filter>Header Files\dlls</Filter>
    </ClInclude>
    <ClInclude Include="..\..\dlls\core\plane.h">
      <Filter>Header Files\dlls\core</Filter>
    </ClInclude>
    <ClInclude Include="..\..\pm_shared\pm_shared.h">
      <Filter>Header Files\pm_shared</Filter>
    </ClInclude>
    <ClInclude Include="..\..\pm_shared\pm_debug.h">
      <Filter>Header Files\pm_shared</Filter>
    </ClInclude>
    <ClInclude Include="..\..\pm_shared\pm_defs.h">
      <Filter>Header Files\pm_shared</Filter>
    </ClInclude>
    <ClInclude Include="..\..\pm_shared\pm_info.h">
      <Filter>Header Files\pm_shared</Filter>
    </ClInclude>
    <ClInclude Include="..\..\pm_shared\pm_materials.h">
      <Filter>Header Files\pm_shared</Filter>
    </ClInclude>
    <ClInclude Include="..\..\pm_shared\pm_movevars.h">
      <Filter>Header Files\pm_shared</Filter>
    </ClInclude>
    <ClInclude Include="..\..\dlls\weapons\weapons.h">
      <Filter>Header Files\dlls\weapons</Filter>
    </ClInclude>
    <ClInclude Include="..\..\dlls\weapons\projectile_grenade.h" />
    <ClInclude Include="..\..\dlls\weapons\weapon_base.h" />
    <ClInclude Include="..\..\dlls\weapons\weapon_rpg.h" />
    <ClInclude Include="..\..\dlls\weapons\weapon_shotgun.h" />
    <ClInclude Include="..\..\dlls\weapons\weapon_gauss.h" />
    <ClInclude Include="..\..\dlls\weapons\weapon_egon.h" />
    <ClInclude Include="..\..\dlls\weapons\weapon_satchel.h">
      <Filter>Header Files\dlls</Filter>
    </ClInclude>
    <ClInclude Include="..\..\dlls\core\saverestore.h">
      <Filter>Header Files\dlls</Filter>
    </ClInclude>
    <ClInclude Include="..\..\dlls\schedule.h">
      <Filter>Header Files\dlls</Filter>
    </ClInclude>
    <ClInclude Include="..\..\dlls\gameplay\scripted.h">
      <Filter>Header Files\dlls</Filter>
    </ClInclude>
    <ClInclude Include="..\..\dlls\core\scriptevent.h">
      <Filter>Header Files\dlls\core</Filter>
    </ClInclude>
    <ClInclude Include="..\..\dlls\core\skill.h">
      <Filter>Header Files\dlls</Filter>
    </ClInclude>
    <ClInclude Include="..\..\dlls\ai\soundent.h">
      <Filter>Header Files\dlls</Filter>
    </ClInclude>
    <ClInclude Include="..\..\dlls\gameplay\spectator.h">
      <Filter>Header Files\dlls</Filter>
    </ClInclude>
    <ClInclude Include="..\..\dlls\squadmonster.h">
      <Filter>Header Files\dlls</Filter>
    </ClInclude>
    <ClInclude Include="..\..\dlls\ai\talkmonster.h">
      <Filter>Header Files\dlls\ai</Filter>
    </ClInclude>
    <ClInclude Include="..\..\dlls\gameplay\teamplay_gamerules.h">
      <Filter>Header Files\dlls</Filter>
    </ClInclude>
    <ClInclude Include="..\..\dlls\world\trains.h">
      <Filter>Header Files\dlls\world</Filter>
    </ClInclude>
    <ClInclude Include="..\..\dlls\systems\turret.h">
      <Filter>Header Files\dlls\systems</Filter>
    </ClInclude>
    <ClInclude Include="..\..\dlls\core\util.h">
      <Filter>Header Files\dlls</Filter>
    </ClInclude>
    <ClInclude Include="..\..\dlls\core\vector.h">
      <Filter>Header Files\dlls</Filter>
    </ClInclude>
  </ItemGroup>
</Project>